// !$*UTF8*$!
{
	archiveVersion = 1;
	classes = {
	};
	objectVersion = 77;
	objects = {

/* Begin PBXFileReference section */
		B34857852E7A1A5300594945 /* Base */ = {isa = PBXFileReference; lastKnownFileType = text.html; name = Base; path = Base.lproj/Main.html; sourceTree = "<group>"; };
		B34857862E7A1A5300594945 /* Icon.png */ = {isa = PBXFileReference; lastKnownFileType = image.png; path = Icon.png; sourceTree = "<group>"; };
		B34857872E7A1A5300594945 /* Style.css */ = {isa = PBXFileReference; lastKnownFileType = text.css; path = Style.css; sourceTree = "<group>"; };
		B34857882E7A1A5300594945 /* Script.js */ = {isa = PBXFileReference; lastKnownFileType = sourcecode.javascript; path = Script.js; sourceTree = "<group>"; };
		B34857892E7A1A5300594945 /* ViewController.swift */ = {isa = PBXFileReference; lastKnownFileType = sourcecode.swift; path = ViewController.swift; sourceTree = "<group>"; };
		B348578A2E7A1A5500594945 /* Assets.xcassets */ = {isa = PBXFileReference; lastKnownFileType = folder.assetcatalog; path = Assets.xcassets; sourceTree = "<group>"; };
		B348578C2E7A1A5500594945 /* SafariWebExtensionHandler.swift */ = {isa = PBXFileReference; lastKnownFileType = sourcecode.swift; path = SafariWebExtensionHandler.swift; sourceTree = "<group>"; };
		B34857942E7A1A5500594945 /* AppDelegate.swift */ = {isa = PBXFileReference; lastKnownFileType = sourcecode.swift; path = AppDelegate.swift; sourceTree = "<group>"; };
		B34857962E7A1A5500594945 /* SceneDelegate.swift */ = {isa = PBXFileReference; lastKnownFileType = sourcecode.swift; path = SceneDelegate.swift; sourceTree = "<group>"; };
		B34857992E7A1A5500594945 /* Base */ = {isa = PBXFileReference; lastKnownFileType = file.storyboard; name = Base; path = Base.lproj/LaunchScreen.storyboard; sourceTree = "<group>"; };
		B348579C2E7A1A5500594945 /* Base */ = {isa = PBXFileReference; lastKnownFileType = file.storyboard; name = Base; path = Base.lproj/Main.storyboard; sourceTree = "<group>"; };
		B348579E2E7A1A5500594945 /* Info.plist */ = {isa = PBXFileReference; lastKnownFileType = text.plist.xml; path = Info.plist; sourceTree = "<group>"; };
		B34857A52E7A1A5500594945 /* AppDelegate.swift */ = {isa = PBXFileReference; lastKnownFileType = sourcecode.swift; path = AppDelegate.swift; sourceTree = "<group>"; };
		B34857A82E7A1A5500594945 /* Base */ = {isa = PBXFileReference; lastKnownFileType = file.storyboard; name = Base; path = Base.lproj/Main.storyboard; sourceTree = "<group>"; };
		B34857AA2E7A1A5500594945 /* Info.plist */ = {isa = PBXFileReference; lastKnownFileType = text.plist.xml; path = Info.plist; sourceTree = "<group>"; };
		B34857AB2E7A1A5500594945 /* ADID Taskmanager Companion.entitlements */ = {isa = PBXFileReference; lastKnownFileType = text.plist.entitlements; path = "ADID Taskmanager Companion.entitlements"; sourceTree = "<group>"; };
		B34857B52E7A1A5500594945 /* Info.plist */ = {isa = PBXFileReference; lastKnownFileType = text.plist.xml; path = Info.plist; sourceTree = "<group>"; };
		B34857BF2E7A1A5500594945 /* Info.plist */ = {isa = PBXFileReference; lastKnownFileType = text.plist.xml; path = Info.plist; sourceTree = "<group>"; };
		B34857C02E7A1A5500594945 /* ADID Taskmanager Companion.entitlements */ = {isa = PBXFileReference; lastKnownFileType = text.plist.entitlements; path = "ADID Taskmanager Companion.entitlements"; sourceTree = "<group>"; };
		B34857E02E7A1A5500594945 /* background */ = {isa = PBXFileReference; lastKnownFileType = folder; name = background; path = ../../../dist/background; sourceTree = "<group>"; };
		B34857E12E7A1A5500594945 /* options */ = {isa = PBXFileReference; lastKnownFileType = folder; name = options; path = ../../../dist/options; sourceTree = "<group>"; };
		B34857E22E7A1A5500594945 /* index.html */ = {isa = PBXFileReference; lastKnownFileType = text.html; name = index.html; path = ../../../dist/index.html; sourceTree = "<group>"; };
		B34857E32E7A1A5500594945 /* icons */ = {isa = PBXFileReference; lastKnownFileType = folder; name = icons; path = ../../../dist/icons; sourceTree = "<group>"; };
		B34857E42E7A1A5500594945 /* manifest.json */ = {isa = PBXFileReference; lastKnownFileType = text.json; name = manifest.json; path = ../../../dist/manifest.json; sourceTree = "<group>"; };
		B34857E52E7A1A5500594945 /* assets */ = {isa = PBXFileReference; lastKnownFileType = folder; name = assets; path = ../../../dist/assets; sourceTree = "<group>"; };
/* End PBXFileReference section */

/* Begin PBXGroup section */
		B348577D2E7A1A5300594945 = {
			isa = PBXGroup;
			children = (
				B34857822E7A1A5300594945 /* Shared (App) */,
				B348578B2E7A1A5500594945 /* Shared (Extension) */,
				B34857932E7A1A5500594945 /* iOS (App) */,
				B34857A42E7A1A5500594945 /* macOS (App) */,
				B34857B42E7A1A5500594945 /* iOS (Extension) */,
				B34857BE2E7A1A5500594945 /* macOS (Extension) */,
				B34857922E7A1A5500594945 /* Products */,
			);
			sourceTree = "<group>";
		};
		B34857822E7A1A5300594945 /* Shared (App) */ = {
			isa = PBXGroup;
			children = (
				B34857892E7A1A5300594945 /* ViewController.swift */,
				B348578A2E7A1A5500594945 /* Assets.xcassets */,
				B34857832E7A1A5300594945 /* Resources */,
			);
			path = "Shared (App)";
			sourceTree = "<group>";
		};
		B34857832E7A1A5300594945 /* Resources */ = {
			isa = PBXGroup;
			children = (
				B34857842E7A1A5300594945 /* Main.html */,
				B34857862E7A1A5300594945 /* Icon.png */,
				B34857872E7A1A5300594945 /* Style.css */,
				B34857882E7A1A5300594945 /* Script.js */,
			);
			path = Resources;
			sourceTree = "<group>";
		};
		B348578B2E7A1A5500594945 /* Shared (Extension) */ = {
			isa = PBXGroup;
			children = (
				B34857DF2E7A1A5500594945 /* Resources */,
				B348578C2E7A1A5500594945 /* SafariWebExtensionHandler.swift */,
			);
			path = "Shared (Extension)";
			sourceTree = "<group>";
		};
		B34857922E7A1A5500594945 /* Products */ = {
			isa = PBXGroup;
			children = (
			);
			name = Products;
			sourceTree = "<group>";
		};
		B34857932E7A1A5500594945 /* iOS (App) */ = {
			isa = PBXGroup;
			children = (
				B34857942E7A1A5500594945 /* AppDelegate.swift */,
				B34857962E7A1A5500594945 /* SceneDelegate.swift */,
				B34857982E7A1A5500594945 /* LaunchScreen.storyboard */,
				B348579B2E7A1A5500594945 /* Main.storyboard */,
				B348579E2E7A1A5500594945 /* Info.plist */,
			);
			path = "iOS (App)";
			sourceTree = "<group>";
		};
		B34857A42E7A1A5500594945 /* macOS (App) */ = {
			isa = PBXGroup;
			children = (
				B34857A52E7A1A5500594945 /* AppDelegate.swift */,
				B34857A72E7A1A5500594945 /* Main.storyboard */,
				B34857AA2E7A1A5500594945 /* Info.plist */,
				B34857AB2E7A1A5500594945 /* ADID Taskmanager Companion.entitlements */,
			);
			path = "macOS (App)";
			sourceTree = "<group>";
		};
		B34857B42E7A1A5500594945 /* iOS (Extension) */ = {
			isa = PBXGroup;
			children = (
				B34857B52E7A1A5500594945 /* Info.plist */,
			);
			path = "iOS (Extension)";
			sourceTree = "<group>";
		};
		B34857BE2E7A1A5500594945 /* macOS (Extension) */ = {
			isa = PBXGroup;
			children = (
				B34857BF2E7A1A5500594945 /* Info.plist */,
				B34857C02E7A1A5500594945 /* ADID Taskmanager Companion.entitlements */,
			);
			path = "macOS (Extension)";
			sourceTree = "<group>";
		};
		B34857DF2E7A1A5500594945 /* Resources */ = {
			isa = PBXGroup;
			children = (
				B34857E02E7A1A5500594945 /* background */,
				B34857E12E7A1A5500594945 /* options */,
				B34857E22E7A1A5500594945 /* index.html */,
				B34857E32E7A1A5500594945 /* icons */,
				B34857E42E7A1A5500594945 /* manifest.json */,
				B34857E52E7A1A5500594945 /* assets */,
			);
			name = Resources;
			path = "Shared (Extension)";
			sourceTree = SOURCE_ROOT;
		};
/* End PBXGroup section */

/* Begin PBXProject section */
		B348577E2E7A1A5300594945 /* Project object */ = {
			isa = PBXProject;
			attributes = {
				BuildIndependentTargetsInParallel = 1;
				LastSwiftUpdateCheck = 1640;
				LastUpgradeCheck = 1640;
			};
			buildConfigurationList = B34857812E7A1A5300594945 /* Build configuration list for PBXProject "ADID Taskmanager Companion" */;
			developmentRegion = en;
			hasScannedForEncodings = 0;
			knownRegions = (
				en,
				Base,
			);
			mainGroup = B348577D2E7A1A5300594945;
			minimizedProjectReferenceProxies = 1;
			preferredProjectObjectVersion = 77;
			productRefGroup = B34857922E7A1A5500594945 /* Products */;
			projectDirPath = "";
			projectRoot = "";
			targets = (
			);
		};
/* End PBXProject section */

/* Begin PBXVariantGroup section */
		B34857842E7A1A5300594945 /* Main.html */ = {
			isa = PBXVariantGroup;
			children = (
				B34857852E7A1A5300594945 /* Base */,
			);
			name = Main.html;
			sourceTree = "<group>";
		};
		B34857982E7A1A5500594945 /* LaunchScreen.storyboard */ = {
			isa = PBXVariantGroup;
			children = (
				B34857992E7A1A5500594945 /* Base */,
			);
			name = LaunchScreen.storyboard;
			sourceTree = "<group>";
		};
		B348579B2E7A1A5500594945 /* Main.storyboard */ = {
			isa = PBXVariantGroup;
			children = (
				B348579C2E7A1A5500594945 /* Base */,
			);
			name = Main.storyboard;
			sourceTree = "<group>";
		};
		B34857A72E7A1A5500594945 /* Main.storyboard */ = {
			isa = PBXVariantGroup;
			children = (
				B34857A82E7A1A5500594945 /* Base */,
			);
			name = Main.storyboard;
			sourceTree = "<group>";
		};
/* End PBXVariantGroup section */

/* Begin XCBuildConfiguration section */
		B34857CF2E7A1A5500594945 /* Debug */ = {
			isa = XCBuildConfiguration;
			buildSettings = {
				ALWAYS_SEARCH_USER_PATHS = NO;
				ASSETCATALOG_COMPILER_GENERATE_SWIFT_ASSET_SYMBOL_EXTENSIONS = YES;
				CLANG_ANALYZER_NONNULL = YES;
				CLANG_ANALYZER_NUMBER_OBJECT_CONVERSION = YES_AGGRESSIVE;
				CLANG_CXX_LANGUAGE_STANDARD = "gnu++20";
				CLANG_ENABLE_MODULES = YES;
				CLANG_ENABLE_OBJC_ARC = YES;
				CLANG_ENABLE_OBJC_WEAK = YES;
				CLANG_WARN_BLOCK_CAPTURE_AUTORELEASING = YES;
				CLANG_WARN_BOOL_CONVERSION = YES;
				CLANG_WARN_COMMA = YES;
				CLANG_WARN_CONSTANT_CONVERSION = YES;
				CLANG_WARN_DEPRECATED_OBJC_IMPLEMENTATIONS = YES;
				CLANG_WARN_DIRECT_OBJC_ISA_USAGE = YES_ERROR;
				CLANG_WARN_DOCUMENTATION_COMMENTS = YES;
				CLANG_WARN_EMPTY_BODY = YES;
				CLANG_WARN_ENUM_CONVERSION = YES;
				CLANG_WARN_INFINITE_RECURSION = YES;
				CLANG_WARN_INT_CONVERSION = YES;
				CLANG_WARN_NON_LITERAL_NULL_CONVERSION = YES;
				CLANG_WARN_OBJC_IMPLICIT_RETAIN_SELF = YES;
				CLANG_WARN_OBJC_LITERAL_CONVERSION = YES;
				CLANG_WARN_OBJC_ROOT_CLASS = YES_ERROR;
				CLANG_WARN_QUOTED_INCLUDE_IN_FRAMEWORK_HEADER = YES;
				CLANG_WARN_RANGE_LOOP_ANALYSIS = YES;
				CLANG_WARN_STRICT_PROTOTYPES = YES;
				CLANG_WARN_SUSPICIOUS_MOVE = YES;
				CLANG_WARN_UNGUARDED_AVAILABILITY = YES_AGGRESSIVE;
				CLANG_WARN_UNREACHABLE_CODE = YES;
				CLANG_WARN__DUPLICATE_METHOD_MATCH = YES;
				COPY_PHASE_STRIP = NO;
				DEBUG_INFORMATION_FORMAT = dwarf;
				ENABLE_STRICT_OBJC_MSGSEND = YES;
				ENABLE_TESTABILITY = YES;
				ENABLE_USER_SCRIPT_SANDBOXING = YES;
				GCC_C_LANGUAGE_STANDARD = gnu17;
				GCC_DYNAMIC_NO_PIC = NO;
				GCC_NO_COMMON_BLOCKS = YES;
				GCC_OPTIMIZATION_LEVEL = 0;
				GCC_PREPROCESSOR_DEFINITIONS = (
					"DEBUG=1",
					"$(inherited)",
				);
				GCC_WARN_64_TO_32_BIT_CONVERSION = YES;
				GCC_WARN_ABOUT_RETURN_TYPE = YES_ERROR;
				GCC_WARN_UNDECLARED_SELECTOR = YES;
				GCC_WARN_UNINITIALIZED_AUTOS = YES_AGGRESSIVE;
				GCC_WARN_UNUSED_FUNCTION = YES;
				GCC_WARN_UNUSED_VARIABLE = YES;
				LOCALIZATION_PREFERS_STRING_CATALOGS = YES;
				MTL_ENABLE_DEBUG_INFO = INCLUDE_SOURCE;
				MTL_FAST_MATH = YES;
				ONLY_ACTIVE_ARCH = YES;
				SWIFT_ACTIVE_COMPILATION_CONDITIONS = "DEBUG $(inherited)";
				SWIFT_OPTIMIZATION_LEVEL = "-Onone";
			};
			name = Debug;
		};
		B34857D02E7A1A5500594945 /* Release */ = {
			isa = XCBuildConfiguration;
			buildSettings = {
				ALWAYS_SEARCH_USER_PATHS = NO;
				ASSETCATALOG_COMPILER_GENERATE_SWIFT_ASSET_SYMBOL_EXTENSIONS = YES;
				CLANG_ANALYZER_NONNULL = YES;
				CLANG_ANALYZER_NUMBER_OBJECT_CONVERSION = YES_AGGRESSIVE;
				CLANG_CXX_LANGUAGE_STANDARD = "gnu++20";
				CLANG_ENABLE_MODULES = YES;
				CLANG_ENABLE_OBJC_ARC = YES;
				CLANG_ENABLE_OBJC_WEAK = YES;
				CLANG_WARN_BLOCK_CAPTURE_AUTORELEASING = YES;
				CLANG_WARN_BOOL_CONVERSION = YES;
				CLANG_WARN_COMMA = YES;
				CLANG_WARN_CONSTANT_CONVERSION = YES;
				CLANG_WARN_DEPRECATED_OBJC_IMPLEMENTATIONS = YES;
				CLANG_WARN_DIRECT_OBJC_ISA_USAGE = YES_ERROR;
				CLANG_WARN_DOCUMENTATION_COMMENTS = YES;
				CLANG_WARN_EMPTY_BODY = YES;
				CLANG_WARN_ENUM_CONVERSION = YES;
				CLANG_WARN_INFINITE_RECURSION = YES;
				CLANG_WARN_INT_CONVERSION = YES;
				CLANG_WARN_NON_LITERAL_NULL_CONVERSION = YES;
				CLANG_WARN_OBJC_IMPLICIT_RETAIN_SELF = YES;
				CLANG_WARN_OBJC_LITERAL_CONVERSION = YES;
				CLANG_WARN_OBJC_ROOT_CLASS = YES_ERROR;
				CLANG_WARN_QUOTED_INCLUDE_IN_FRAMEWORK_HEADER = YES;
				CLANG_WARN_RANGE_LOOP_ANALYSIS = YES;
				CLANG_WARN_STRICT_PROTOTYPES = YES;
				CLANG_WARN_SUSPICIOUS_MOVE = YES;
				CLANG_WARN_UNGUARDED_AVAILABILITY = YES_AGGRESSIVE;
				CLANG_WARN_UNREACHABLE_CODE = YES;
				CLANG_WARN__DUPLICATE_METHOD_MATCH = YES;
				COPY_PHASE_STRIP = NO;
				DEBUG_INFORMATION_FORMAT = "dwarf-with-dsym";
				ENABLE_NS_ASSERTIONS = NO;
				ENABLE_STRICT_OBJC_MSGSEND = YES;
				ENABLE_USER_SCRIPT_SANDBOXING = YES;
				GCC_C_LANGUAGE_STANDARD = gnu17;
				GCC_NO_COMMON_BLOCKS = YES;
				GCC_WARN_64_TO_32_BIT_CONVERSION = YES;
				GCC_WARN_ABOUT_RETURN_TYPE = YES_ERROR;
				GCC_WARN_UNDECLARED_SELECTOR = YES;
				GCC_WARN_UNINITIALIZED_AUTOS = YES_AGGRESSIVE;
				GCC_WARN_UNUSED_FUNCTION = YES;
				GCC_WARN_UNUSED_VARIABLE = YES;
				LOCALIZATION_PREFERS_STRING_CATALOGS = YES;
				MTL_ENABLE_DEBUG_INFO = NO;
				MTL_FAST_MATH = YES;
				SWIFT_COMPILATION_MODE = wholemodule;
			};
			name = Release;
		};
/* End XCBuildConfiguration section */

/* Begin XCConfigurationList section */
		B34857812E7A1A5300594945 /* Build configuration list for PBXProject "ADID Taskmanager Companion" */ = {
			isa = XCConfigurationList;
			buildConfigurations = (
				B34857CF2E7A1A5500594945 /* Debug */,
				B34857D02E7A1A5500594945 /* Release */,
			);
			defaultConfigurationIsVisible = 0;
			defaultConfigurationName = Release;
		};
/* End XCConfigurationList section */
	};
	rootObject = B348577E2E7A1A5300594945 /* Project object */;
}
